{
  "name": "repo1",
  "version": "1.0.0",
  "lockfileVersion": 3,
  "requires": true,
  "packages": {
    "": {
      "name": "repo1",
      "version": "1.0.0",
      "license": "ISC",
      "dependencies": {
        "lodash": "^3.0.1"
      }
    },
    "node_modules/lodash": {
      "version": "3.0.1",
      "resolved": "https://registry.npmjs.org/lodash/-/lodash-3.0.1.tgz",
      "integrity": "sha512-Hw4nFcX+LaJVkNNhjLgAlK82Q1/8DgCdaXQm2ZDQsZlqC6DiZcGhNSfguEesBBrITt8ZOgoMBUzUyWi1TaqLkg=="
    }
  }
}
